
Microsoft Visual Studio Solution File, Format Version 12.00
# Visual Studio Version 17
VisualStudioVersion = 17.10.35004.147
MinimumVisualStudioVersion = 10.0.40219.1
Project("{9A19103F-16F7-4668-BE54-9A1E7A4F7556}") = "DevUpConference", "DevUpConference.csproj", "{1662F0AD-D05B-4DE8-8767-34BE57D46806}"
EndProject
Global
	GlobalSection(SolutionConfigurationPlatforms) = preSolution
		Debug|Any CPU = Debug|Any CPU
		Release|Any CPU = Release|Any CPU
	EndGlobalSection
	GlobalSection(ProjectConfigurationPlatforms) = postSolution
		{1662F0AD-D05B-4DE8-8767-34BE57D46806}.Debug|Any CPU.ActiveCfg = Debug|Any CPU
		{1662F0AD-D05B-4DE8-8767-34BE57D46806}.Debug|Any CPU.Build.0 = Debug|Any CPU
		{1662F0AD-D05B-4DE8-8767-34BE57D46806}.Release|Any CPU.ActiveCfg = Release|Any CPU
		{1662F0AD-D05B-4DE8-8767-34BE57D46806}.Release|Any CPU.Build.0 = Release|Any CPU
	EndGlobalSection
	GlobalSection(SolutionProperties) = preSolution
		HideSolutionNode = FALSE
	EndGlobalSection
	GlobalSection(ExtensibilityGlobals) = postSolution
		SolutionGuid = {E12E71A6-E8DA-4E2C-9342-476341113317}
	EndGlobalSection
EndGlobal
